
Microsoft Visual Studio Solution File, Format Version 12.00
# Visual Studio 2013
VisualStudioVersion = 12.0.40629.0
MinimumVisualStudioVersion = 10.0.40219.1
Project("{FAE04EC0-301F-11D3-BF4B-00C04F79EFBC}") = "JamesAlcaraz.NlayeredAppDemo.Web", "JamesAlcaraz.NlayeredAppDemo.Web\JamesAlcaraz.NlayeredAppDemo.Web.csproj", "{FF6407DA-DCA0-4566-A679-53A551767AA3}"
EndProject
Project("{FAE04EC0-301F-11D3-BF4B-00C04F79EFBC}") = "JamesAlcaraz.NlayeredAppDemo.Core", "JamesAlcaraz.NlayeredAppDemo.Core\JamesAlcaraz.NlayeredAppDemo.Core.csproj", "{F5A80D49-F98C-42F3-8092-B4385E8DB54D}"
EndProject
Project("{FAE04EC0-301F-11D3-BF4B-00C04F79EFBC}") = "JamesAlcaraz.NlayeredAppDemo.Application", "JamesAlcaraz.NlayeredAppDemo.Application\JamesAlcaraz.NlayeredAppDemo.Application.csproj", "{16887C78-CA02-42D0-ADF3-498D874AC9F5}"
EndProject
Project("{FAE04EC0-301F-11D3-BF4B-00C04F79EFBC}") = "JamesAlcaraz.NlayeredAppDemo.EntityFramework", "JamesAlcaraz.NlayeredAppDemo.EntityFramework\JamesAlcaraz.NlayeredAppDemo.EntityFramework.csproj", "{89F3EBD6-0DE5-45F4-B337-F569FA49EDEA}"
EndProject
Project("{2150E333-8FDC-42A3-9474-1A3956D46DE8}") = "Test", "Test", "{215FC73C-88E4-46E3-8465-6A3EFDA1908F}"
EndProject
Project("{FAE04EC0-301F-11D3-BF4B-00C04F79EFBC}") = "JamesAlcaraz.NlayeredAppDemo.UnitTest", "JamesAlcaraz.NlayeredAppDemo.UnitTest\JamesAlcaraz.NlayeredAppDemo.UnitTest.csproj", "{09623228-BEBE-4614-98CF-325D3D7B399C}"
EndProject
Project("{FAE04EC0-301F-11D3-BF4B-00C04F79EFBC}") = "JamesAlcaraz.NlayeredAppDemo.WebApi", "JamesAlcaraz.NlayeredAppDemo.WebApi\JamesAlcaraz.NlayeredAppDemo.WebApi.csproj", "{24253E7C-F217-4B5F-AA89-5C41F708F7C9}"
EndProject
Global
	GlobalSection(SolutionConfigurationPlatforms) = preSolution
		Debug|Any CPU = Debug|Any CPU
		Release|Any CPU = Release|Any CPU
	EndGlobalSection
	GlobalSection(ProjectConfigurationPlatforms) = postSolution
		{FF6407DA-DCA0-4566-A679-53A551767AA3}.Debug|Any CPU.ActiveCfg = Debug|Any CPU
		{FF6407DA-DCA0-4566-A679-53A551767AA3}.Debug|Any CPU.Build.0 = Debug|Any CPU
		{FF6407DA-DCA0-4566-A679-53A551767AA3}.Release|Any CPU.ActiveCfg = Release|Any CPU
		{FF6407DA-DCA0-4566-A679-53A551767AA3}.Release|Any CPU.Build.0 = Release|Any CPU
		{F5A80D49-F98C-42F3-8092-B4385E8DB54D}.Debug|Any CPU.ActiveCfg = Debug|Any CPU
		{F5A80D49-F98C-42F3-8092-B4385E8DB54D}.Debug|Any CPU.Build.0 = Debug|Any CPU
		{F5A80D49-F98C-42F3-8092-B4385E8DB54D}.Release|Any CPU.ActiveCfg = Release|Any CPU
		{F5A80D49-F98C-42F3-8092-B4385E8DB54D}.Release|Any CPU.Build.0 = Release|Any CPU
		{16887C78-CA02-42D0-ADF3-498D874AC9F5}.Debug|Any CPU.ActiveCfg = Debug|Any CPU
		{16887C78-CA02-42D0-ADF3-498D874AC9F5}.Debug|Any CPU.Build.0 = Debug|Any CPU
		{16887C78-CA02-42D0-ADF3-498D874AC9F5}.Release|Any CPU.ActiveCfg = Release|Any CPU
		{16887C78-CA02-42D0-ADF3-498D874AC9F5}.Release|Any CPU.Build.0 = Release|Any CPU
		{89F3EBD6-0DE5-45F4-B337-F569FA49EDEA}.Debug|Any CPU.ActiveCfg = Debug|Any CPU
		{89F3EBD6-0DE5-45F4-B337-F569FA49EDEA}.Debug|Any CPU.Build.0 = Debug|Any CPU
		{89F3EBD6-0DE5-45F4-B337-F569FA49EDEA}.Release|Any CPU.ActiveCfg = Release|Any CPU
		{89F3EBD6-0DE5-45F4-B337-F569FA49EDEA}.Release|Any CPU.Build.0 = Release|Any CPU
		{09623228-BEBE-4614-98CF-325D3D7B399C}.Debug|Any CPU.ActiveCfg = Debug|Any CPU
		{09623228-BEBE-4614-98CF-325D3D7B399C}.Debug|Any CPU.Build.0 = Debug|Any CPU
		{09623228-BEBE-4614-98CF-325D3D7B399C}.Release|Any CPU.ActiveCfg = Release|Any CPU
		{09623228-BEBE-4614-98CF-325D3D7B399C}.Release|Any CPU.Build.0 = Release|Any CPU
		{24253E7C-F217-4B5F-AA89-5C41F708F7C9}.Debug|Any CPU.ActiveCfg = Debug|Any CPU
		{24253E7C-F217-4B5F-AA89-5C41F708F7C9}.Debug|Any CPU.Build.0 = Debug|Any CPU
		{24253E7C-F217-4B5F-AA89-5C41F708F7C9}.Release|Any CPU.ActiveCfg = Release|Any CPU
		{24253E7C-F217-4B5F-AA89-5C41F708F7C9}.Release|Any CPU.Build.0 = Release|Any CPU
	EndGlobalSection
	GlobalSection(SolutionProperties) = preSolution
		HideSolutionNode = FALSE
	EndGlobalSection
	GlobalSection(NestedProjects) = preSolution
		{09623228-BEBE-4614-98CF-325D3D7B399C} = {215FC73C-88E4-46E3-8465-6A3EFDA1908F}
	EndGlobalSection
EndGlobal
